
Microsoft Visual Studio Solution File, Format Version 12.00
# Visual Studio Version 16
VisualStudioVersion = 16.0.30104.148
MinimumVisualStudioVersion = 10.0.40219.1
Project("{9A19103F-16F7-4668-BE54-9A1E7A4F7556}") = "MVC_API", "MVCDemoApp\MVC_API.csproj", "{ECD3F233-2EB2-445D-914D-E3089B960F61}"
EndProject
Project("{FAE04EC0-301F-11D3-BF4B-00C04F79EFBC}") = "API", "API\API.csproj", "{F629E0E7-5FFA-42DA-8002-F9A80249DC80}"
EndProject
Global
	GlobalSection(SolutionConfigurationPlatforms) = preSolution
		Debug|Any CPU = Debug|Any CPU
		Release|Any CPU = Release|Any CPU
	EndGlobalSection
	GlobalSection(ProjectConfigurationPlatforms) = postSolution
		{ECD3F233-2EB2-445D-914D-E3089B960F61}.Debug|Any CPU.ActiveCfg = Debug|Any CPU
		{ECD3F233-2EB2-445D-914D-E3089B960F61}.Debug|Any CPU.Build.0 = Debug|Any CPU
		{ECD3F233-2EB2-445D-914D-E3089B960F61}.Release|Any CPU.ActiveCfg = Release|Any CPU
		{ECD3F233-2EB2-445D-914D-E3089B960F61}.Release|Any CPU.Build.0 = Release|Any CPU
		{F629E0E7-5FFA-42DA-8002-F9A80249DC80}.Debug|Any CPU.ActiveCfg = Debug|Any CPU
		{F629E0E7-5FFA-42DA-8002-F9A80249DC80}.Debug|Any CPU.Build.0 = Debug|Any CPU
		{F629E0E7-5FFA-42DA-8002-F9A80249DC80}.Release|Any CPU.ActiveCfg = Release|Any CPU
		{F629E0E7-5FFA-42DA-8002-F9A80249DC80}.Release|Any CPU.Build.0 = Release|Any CPU
	EndGlobalSection
	GlobalSection(SolutionProperties) = preSolution
		HideSolutionNode = FALSE
	EndGlobalSection
	GlobalSection(ExtensibilityGlobals) = postSolution
		SolutionGuid = {DB59D6B9-71A1-48F7-9F90-AF34FCB38AC2}
	EndGlobalSection
EndGlobal
